
Microsoft Visual Studio Solution File, Format Version 12.00
# Visual Studio 15
VisualStudioVersion = 15.0.27703.2047
MinimumVisualStudioVersion = 10.0.40219.1
Project("{FAE04EC0-301F-11D3-BF4B-00C04F79EFBC}") = "Entidades", "Entidades\Entidades.csproj", "{64B4BF8E-020A-42A5-B1EC-07D247E55B7A}"
EndProject
Project("{FAE04EC0-301F-11D3-BF4B-00C04F79EFBC}") = "Test", "Test\Test.csproj", "{4855D397-BDD2-4397-860B-20B8F50D1DFE}"
EndProject
Project("{FAE04EC0-301F-11D3-BF4B-00C04F79EFBC}") = "TestWF", "TestWF\TestWF.csproj", "{00E99B23-0B87-486B-950D-DFAB89326A41}"
EndProject
Global
	GlobalSection(SolutionConfigurationPlatforms) = preSolution
		Debug|Any CPU = Debug|Any CPU
		Release|Any CPU = Release|Any CPU
	EndGlobalSection
	GlobalSection(ProjectConfigurationPlatforms) = postSolution
		{64B4BF8E-020A-42A5-B1EC-07D247E55B7A}.Debug|Any CPU.ActiveCfg = Debug|Any CPU
		{64B4BF8E-020A-42A5-B1EC-07D247E55B7A}.Debug|Any CPU.Build.0 = Debug|Any CPU
		{64B4BF8E-020A-42A5-B1EC-07D247E55B7A}.Release|Any CPU.ActiveCfg = Release|Any CPU
		{64B4BF8E-020A-42A5-B1EC-07D247E55B7A}.Release|Any CPU.Build.0 = Release|Any CPU
		{4855D397-BDD2-4397-860B-20B8F50D1DFE}.Debug|Any CPU.ActiveCfg = Debug|Any CPU
		{4855D397-BDD2-4397-860B-20B8F50D1DFE}.Debug|Any CPU.Build.0 = Debug|Any CPU
		{4855D397-BDD2-4397-860B-20B8F50D1DFE}.Release|Any CPU.ActiveCfg = Release|Any CPU
		{4855D397-BDD2-4397-860B-20B8F50D1DFE}.Release|Any CPU.Build.0 = Release|Any CPU
		{00E99B23-0B87-486B-950D-DFAB89326A41}.Debug|Any CPU.ActiveCfg = Debug|Any CPU
		{00E99B23-0B87-486B-950D-DFAB89326A41}.Debug|Any CPU.Build.0 = Debug|Any CPU
		{00E99B23-0B87-486B-950D-DFAB89326A41}.Release|Any CPU.ActiveCfg = Release|Any CPU
		{00E99B23-0B87-486B-950D-DFAB89326A41}.Release|Any CPU.Build.0 = Release|Any CPU
	EndGlobalSection
	GlobalSection(SolutionProperties) = preSolution
		HideSolutionNode = FALSE
	EndGlobalSection
	GlobalSection(ExtensibilityGlobals) = postSolution
		SolutionGuid = {FB5789BB-4F0B-4B09-B649-AFFB048542A9}
	EndGlobalSection
EndGlobal
